
Microsoft Visual Studio Solution File, Format Version 12.00
# Visual Studio Version 16
VisualStudioVersion = 16.0.29306.81
MinimumVisualStudioVersion = 10.0.40219.1
Project("{FAE04EC0-301F-11D3-BF4B-00C04F79EFBC}") = "SeaBattleV2", "SeaBattleV2\SeaBattleV2.csproj", "{D3FD06BF-15AC-4000-8BDA-D5E46DA5C79E}"
EndProject
Global
	GlobalSection(SolutionConfigurationPlatforms) = preSolution
		Debug|Any CPU = Debug|Any CPU
		Release|Any CPU = Release|Any CPU
	EndGlobalSection
	GlobalSection(ProjectConfigurationPlatforms) = postSolution
		{D3FD06BF-15AC-4000-8BDA-D5E46DA5C79E}.Debug|Any CPU.ActiveCfg = Debug|Any CPU
		{D3FD06BF-15AC-4000-8BDA-D5E46DA5C79E}.Debug|Any CPU.Build.0 = Debug|Any CPU
		{D3FD06BF-15AC-4000-8BDA-D5E46DA5C79E}.Release|Any CPU.ActiveCfg = Release|Any CPU
		{D3FD06BF-15AC-4000-8BDA-D5E46DA5C79E}.Release|Any CPU.Build.0 = Release|Any CPU
	EndGlobalSection
	GlobalSection(SolutionProperties) = preSolution
		HideSolutionNode = FALSE
	EndGlobalSection
	GlobalSection(ExtensibilityGlobals) = postSolution
		SolutionGuid = {D6708047-1736-46E3-B22D-10D0A3FADF30}
	EndGlobalSection
EndGlobal
